// !$*UTF8*$!
{
	archiveVersion = 1;
	classes = {
	};
	objectVersion = 48;
	objects = {

/* Begin PBXBuildFile section */
		74509C7D461C46D33318C5C8 /* Pods_Planda.framework in Frameworks */ = {isa = PBXBuildFile; fileRef = 29AAA1122FA909F5D8C66F82 /* Pods_Planda.framework */; };
		B6ECF17E474C3081CA5F37B6 /* Pods_Planda_for_ipad.framework in Frameworks */ = {isa = PBXBuildFile; fileRef = 20B34672D4910D676DFB25FA /* Pods_Planda_for_ipad.framework */; };
		D69A959E30D51B5C5CDBB1EB /* Pods_PlandaTests.framework in Frameworks */ = {isa = PBXBuildFile; fileRef = AD3ACF55C545AC5375D976E6 /* Pods_PlandaTests.framework */; };
		F51D8D751FCF8A4400415DA2 /* MonthTableViewController.swift in Sources */ = {isa = PBXBuildFile; fileRef = F51D8D741FCF8A4400415DA2 /* MonthTableViewController.swift */; };
		F51D8D771FCFE4EE00415DA2 /* ListEntryTableViewController.swift in Sources */ = {isa = PBXBuildFile; fileRef = F51D8D761FCFE4EE00415DA2 /* ListEntryTableViewController.swift */; };
		F520BAD01FD0BEDE003073AC /* Extensions.swift in Sources */ = {isa = PBXBuildFile; fileRef = F520BACF1FD0BEDE003073AC /* Extensions.swift */; };
		F520BAD31FD0C411003073AC /* WeekTableViewController.swift in Sources */ = {isa = PBXBuildFile; fileRef = F520BAD21FD0C411003073AC /* WeekTableViewController.swift */; };
		F55BB9B51FD894100051C9BD /* GoogleService-Info.plist in Resources */ = {isa = PBXBuildFile; fileRef = F55BB9B41FD894100051C9BD /* GoogleService-Info.plist */; };
		F5E387F21FD1DE8E006E746B /* DayTableViewController.swift in Sources */ = {isa = PBXBuildFile; fileRef = F5E387F11FD1DE8E006E746B /* DayTableViewController.swift */; };
		F5EEE1291FCE3DFA006B47C6 /* AppDelegate.swift in Sources */ = {isa = PBXBuildFile; fileRef = F5EEE1281FCE3DFA006B47C6 /* AppDelegate.swift */; };
		F5EEE12E1FCE3DFA006B47C6 /* Main.storyboard in Resources */ = {isa = PBXBuildFile; fileRef = F5EEE12C1FCE3DFA006B47C6 /* Main.storyboard */; };
		F5EEE1301FCE3DFA006B47C6 /* Assets.xcassets in Resources */ = {isa = PBXBuildFile; fileRef = F5EEE12F1FCE3DFA006B47C6 /* Assets.xcassets */; };
		F5EEE1331FCE3DFA006B47C6 /* LaunchScreen.storyboard in Resources */ = {isa = PBXBuildFile; fileRef = F5EEE1311FCE3DFA006B47C6 /* LaunchScreen.storyboard */; };
		F5EEE13E1FCE3DFA006B47C6 /* PlandaTests.swift in Sources */ = {isa = PBXBuildFile; fileRef = F5EEE13D1FCE3DFA006B47C6 /* PlandaTests.swift */; };
		F5EEE17B1FCE3F13006B47C6 /* AppDelegate.swift in Sources */ = {isa = PBXBuildFile; fileRef = F5EEE17A1FCE3F13006B47C6 /* AppDelegate.swift */; };
		F5EEE17D1FCE3F13006B47C6 /* ViewController.swift in Sources */ = {isa = PBXBuildFile; fileRef = F5EEE17C1FCE3F13006B47C6 /* ViewController.swift */; };
		F5EEE1801FCE3F13006B47C6 /* Main.storyboard in Resources */ = {isa = PBXBuildFile; fileRef = F5EEE17E1FCE3F13006B47C6 /* Main.storyboard */; };
		F5EEE1821FCE3F13006B47C6 /* Assets.xcassets in Resources */ = {isa = PBXBuildFile; fileRef = F5EEE1811FCE3F13006B47C6 /* Assets.xcassets */; };
		F5EEE1851FCE3F13006B47C6 /* LaunchScreen.storyboard in Resources */ = {isa = PBXBuildFile; fileRef = F5EEE1831FCE3F13006B47C6 /* LaunchScreen.storyboard */; };
		F5EEE18B1FCE402E006B47C6 /* Day.storyboard in Resources */ = {isa = PBXBuildFile; fileRef = F5EEE18A1FCE402E006B47C6 /* Day.storyboard */; };
		F5EEE18D1FCE4048006B47C6 /* Month.storyboard in Resources */ = {isa = PBXBuildFile; fileRef = F5EEE18C1FCE4048006B47C6 /* Month.storyboard */; };
		F5EEE18F1FCE4053006B47C6 /* Week.storyboard in Resources */ = {isa = PBXBuildFile; fileRef = F5EEE18E1FCE4053006B47C6 /* Week.storyboard */; };
		F5EEE1921FCE423E006B47C6 /* MainTabBarController.swift in Sources */ = {isa = PBXBuildFile; fileRef = F5EEE1911FCE423E006B47C6 /* MainTabBarController.swift */; };
/* End PBXBuildFile section */

/* Begin PBXContainerItemProxy section */
		F5EEE13A1FCE3DFA006B47C6 /* PBXContainerItemProxy */ = {
			isa = PBXContainerItemProxy;
			containerPortal = F5EEE11D1FCE3DFA006B47C6 /* Project object */;
			proxyType = 1;
			remoteGlobalIDString = F5EEE1241FCE3DFA006B47C6;
			remoteInfo = Planda;
		};
/* End PBXContainerItemProxy section */

/* Begin PBXFileReference section */
		1A3F0B638121EA92A3DD7ECC /* Pods-Planda.debug.xcconfig */ = {isa = PBXFileReference; includeInIndex = 1; lastKnownFileType = text.xcconfig; name = "Pods-Planda.debug.xcconfig"; path = "Pods/Target Support Files/Pods-Planda/Pods-Planda.debug.xcconfig"; sourceTree = "<group>"; };
		20B34672D4910D676DFB25FA /* Pods_Planda_for_ipad.framework */ = {isa = PBXFileReference; explicitFileType = wrapper.framework; includeInIndex = 0; path = Pods_Planda_for_ipad.framework; sourceTree = BUILT_PRODUCTS_DIR; };
		29AAA1122FA909F5D8C66F82 /* Pods_Planda.framework */ = {isa = PBXFileReference; explicitFileType = wrapper.framework; includeInIndex = 0; path = Pods_Planda.framework; sourceTree = BUILT_PRODUCTS_DIR; };
		31E754344CF10BDE16D8A8E4 /* Pods-PlandaTests.debug.xcconfig */ = {isa = PBXFileReference; includeInIndex = 1; lastKnownFileType = text.xcconfig; name = "Pods-PlandaTests.debug.xcconfig"; path = "Pods/Target Support Files/Pods-PlandaTests/Pods-PlandaTests.debug.xcconfig"; sourceTree = "<group>"; };
		6665AB0D40441C7471CB8264 /* Pods-Planda_for_ipad.debug.xcconfig */ = {isa = PBXFileReference; includeInIndex = 1; lastKnownFileType = text.xcconfig; name = "Pods-Planda_for_ipad.debug.xcconfig"; path = "Pods/Target Support Files/Pods-Planda_for_ipad/Pods-Planda_for_ipad.debug.xcconfig"; sourceTree = "<group>"; };
		986DB1F0F25ED7399A78BBA0 /* Pods-Planda.release.xcconfig */ = {isa = PBXFileReference; includeInIndex = 1; lastKnownFileType = text.xcconfig; name = "Pods-Planda.release.xcconfig"; path = "Pods/Target Support Files/Pods-Planda/Pods-Planda.release.xcconfig"; sourceTree = "<group>"; };
		A580DF0B14A64FB2FC443AD6 /* Pods-Planda_for_ipad.release.xcconfig */ = {isa = PBXFileReference; includeInIndex = 1; lastKnownFileType = text.xcconfig; name = "Pods-Planda_for_ipad.release.xcconfig"; path = "Pods/Target Support Files/Pods-Planda_for_ipad/Pods-Planda_for_ipad.release.xcconfig"; sourceTree = "<group>"; };
		AD3ACF55C545AC5375D976E6 /* Pods_PlandaTests.framework */ = {isa = PBXFileReference; explicitFileType = wrapper.framework; includeInIndex = 0; path = Pods_PlandaTests.framework; sourceTree = BUILT_PRODUCTS_DIR; };
		EE2F115A3EF5EC1E8DEE3924 /* Pods-PlandaTests.release.xcconfig */ = {isa = PBXFileReference; includeInIndex = 1; lastKnownFileType = text.xcconfig; name = "Pods-PlandaTests.release.xcconfig"; path = "Pods/Target Support Files/Pods-PlandaTests/Pods-PlandaTests.release.xcconfig"; sourceTree = "<group>"; };
		F51D8D741FCF8A4400415DA2 /* MonthTableViewController.swift */ = {isa = PBXFileReference; lastKnownFileType = sourcecode.swift; path = MonthTableViewController.swift; sourceTree = "<group>"; };
		F51D8D761FCFE4EE00415DA2 /* ListEntryTableViewController.swift */ = {isa = PBXFileReference; lastKnownFileType = sourcecode.swift; path = ListEntryTableViewController.swift; sourceTree = "<group>"; };
		F520BACF1FD0BEDE003073AC /* Extensions.swift */ = {isa = PBXFileReference; lastKnownFileType = sourcecode.swift; path = Extensions.swift; sourceTree = "<group>"; };
		F520BAD21FD0C411003073AC /* WeekTableViewController.swift */ = {isa = PBXFileReference; lastKnownFileType = sourcecode.swift; path = WeekTableViewController.swift; sourceTree = "<group>"; };
		F55BB9B41FD894100051C9BD /* GoogleService-Info.plist */ = {isa = PBXFileReference; fileEncoding = 4; lastKnownFileType = text.plist.xml; path = "GoogleService-Info.plist"; sourceTree = "<group>"; };
		F5E387F11FD1DE8E006E746B /* DayTableViewController.swift */ = {isa = PBXFileReference; lastKnownFileType = sourcecode.swift; path = DayTableViewController.swift; sourceTree = "<group>"; };
		F5EEE1251FCE3DFA006B47C6 /* Planda.app */ = {isa = PBXFileReference; explicitFileType = wrapper.application; includeInIndex = 0; path = Planda.app; sourceTree = BUILT_PRODUCTS_DIR; };
		F5EEE1281FCE3DFA006B47C6 /* AppDelegate.swift */ = {isa = PBXFileReference; lastKnownFileType = sourcecode.swift; path = AppDelegate.swift; sourceTree = "<group>"; };
		F5EEE12D1FCE3DFA006B47C6 /* Base */ = {isa = PBXFileReference; lastKnownFileType = file.storyboard; name = Base; path = Base.lproj/Main.storyboard; sourceTree = "<group>"; };
		F5EEE12F1FCE3DFA006B47C6 /* Assets.xcassets */ = {isa = PBXFileReference; lastKnownFileType = folder.assetcatalog; path = Assets.xcassets; sourceTree = "<group>"; };
		F5EEE1321FCE3DFA006B47C6 /* Base */ = {isa = PBXFileReference; lastKnownFileType = file.storyboard; name = Base; path = Base.lproj/LaunchScreen.storyboard; sourceTree = "<group>"; };
		F5EEE1341FCE3DFA006B47C6 /* Info.plist */ = {isa = PBXFileReference; lastKnownFileType = text.plist.xml; path = Info.plist; sourceTree = "<group>"; };
		F5EEE1391FCE3DFA006B47C6 /* PlandaTests.xctest */ = {isa = PBXFileReference; explicitFileType = wrapper.cfbundle; includeInIndex = 0; path = PlandaTests.xctest; sourceTree = BUILT_PRODUCTS_DIR; };
		F5EEE13D1FCE3DFA006B47C6 /* PlandaTests.swift */ = {isa = PBXFileReference; lastKnownFileType = sourcecode.swift; path = PlandaTests.swift; sourceTree = "<group>"; };
		F5EEE13F1FCE3DFA006B47C6 /* Info.plist */ = {isa = PBXFileReference; lastKnownFileType = text.plist.xml; path = Info.plist; sourceTree = "<group>"; };
		F5EEE1781FCE3F13006B47C6 /* Planda_for_ipad.app */ = {isa = PBXFileReference; explicitFileType = wrapper.application; includeInIndex = 0; path = Planda_for_ipad.app; sourceTree = BUILT_PRODUCTS_DIR; };
		F5EEE17A1FCE3F13006B47C6 /* AppDelegate.swift */ = {isa = PBXFileReference; lastKnownFileType = sourcecode.swift; path = AppDelegate.swift; sourceTree = "<group>"; };
		F5EEE17C1FCE3F13006B47C6 /* ViewController.swift */ = {isa = PBXFileReference; lastKnownFileType = sourcecode.swift; path = ViewController.swift; sourceTree = "<group>"; };
		F5EEE17F1FCE3F13006B47C6 /* Base */ = {isa = PBXFileReference; lastKnownFileType = file.storyboard; name = Base; path = Base.lproj/Main.storyboard; sourceTree = "<group>"; };
		F5EEE1811FCE3F13006B47C6 /* Assets.xcassets */ = {isa = PBXFileReference; lastKnownFileType = folder.assetcatalog; path = Assets.xcassets; sourceTree = "<group>"; };
		F5EEE1841FCE3F13006B47C6 /* Base */ = {isa = PBXFileReference; lastKnownFileType = file.storyboard; name = Base; path = Base.lproj/LaunchScreen.storyboard; sourceTree = "<group>"; };
		F5EEE1861FCE3F13006B47C6 /* Info.plist */ = {isa = PBXFileReference; lastKnownFileType = text.plist.xml; path = Info.plist; sourceTree = "<group>"; };
		F5EEE18A1FCE402E006B47C6 /* Day.storyboard */ = {isa = PBXFileReference; lastKnownFileType = file.storyboard; path = Day.storyboard; sourceTree = "<group>"; };
		F5EEE18C1FCE4048006B47C6 /* Month.storyboard */ = {isa = PBXFileReference; lastKnownFileType = file.storyboard; path = Month.storyboard; sourceTree = "<group>"; };
		F5EEE18E1FCE4053006B47C6 /* Week.storyboard */ = {isa = PBXFileReference; lastKnownFileType = file.storyboard; path = Week.storyboard; sourceTree = "<group>"; };
		F5EEE1911FCE423E006B47C6 /* MainTabBarController.swift */ = {isa = PBXFileReference; lastKnownFileType = sourcecode.swift; path = MainTabBarController.swift; sourceTree = "<group>"; };
/* End PBXFileReference section */

/* Begin PBXFrameworksBuildPhase section */
		F5EEE1221FCE3DFA006B47C6 /* Frameworks */ = {
			isa = PBXFrameworksBuildPhase;
			buildActionMask = 2147483647;
			files = (
				74509C7D461C46D33318C5C8 /* Pods_Planda.framework in Frameworks */,
			);
			runOnlyForDeploymentPostprocessing = 0;
		};
		F5EEE1361FCE3DFA006B47C6 /* Frameworks */ = {
			isa = PBXFrameworksBuildPhase;
			buildActionMask = 2147483647;
			files = (
				D69A959E30D51B5C5CDBB1EB /* Pods_PlandaTests.framework in Frameworks */,
			);
			runOnlyForDeploymentPostprocessing = 0;
		};
		F5EEE1751FCE3F13006B47C6 /* Frameworks */ = {
			isa = PBXFrameworksBuildPhase;
			buildActionMask = 2147483647;
			files = (
				B6ECF17E474C3081CA5F37B6 /* Pods_Planda_for_ipad.framework in Frameworks */,
			);
			runOnlyForDeploymentPostprocessing = 0;
		};
/* End PBXFrameworksBuildPhase section */

/* Begin PBXGroup section */
		621B23A12CD78A586D3596B6 /* Frameworks */ = {
			isa = PBXGroup;
			children = (
				29AAA1122FA909F5D8C66F82 /* Pods_Planda.framework */,
				AD3ACF55C545AC5375D976E6 /* Pods_PlandaTests.framework */,
				20B34672D4910D676DFB25FA /* Pods_Planda_for_ipad.framework */,
			);
			name = Frameworks;
			sourceTree = "<group>";
		};
		6F1A8A8F9621E2B0A54D52D6 /* Pods */ = {
			isa = PBXGroup;
			children = (
				1A3F0B638121EA92A3DD7ECC /* Pods-Planda.debug.xcconfig */,
				986DB1F0F25ED7399A78BBA0 /* Pods-Planda.release.xcconfig */,
				31E754344CF10BDE16D8A8E4 /* Pods-PlandaTests.debug.xcconfig */,
				EE2F115A3EF5EC1E8DEE3924 /* Pods-PlandaTests.release.xcconfig */,
				6665AB0D40441C7471CB8264 /* Pods-Planda_for_ipad.debug.xcconfig */,
				A580DF0B14A64FB2FC443AD6 /* Pods-Planda_for_ipad.release.xcconfig */,
			);
			name = Pods;
			sourceTree = "<group>";
		};
		F520BAD11FD0BEE3003073AC /* Utilities */ = {
			isa = PBXGroup;
			children = (
				F520BACF1FD0BEDE003073AC /* Extensions.swift */,
			);
			path = Utilities;
			sourceTree = "<group>";
		};
		F5EEE11C1FCE3DFA006B47C6 = {
			isa = PBXGroup;
			children = (
				F5EEE1271FCE3DFA006B47C6 /* Planda */,
				F5EEE1791FCE3F13006B47C6 /* Planda_for_ipad */,
				F5EEE13C1FCE3DFA006B47C6 /* PlandaTests */,
				F5EEE1261FCE3DFA006B47C6 /* Products */,
				6F1A8A8F9621E2B0A54D52D6 /* Pods */,
				621B23A12CD78A586D3596B6 /* Frameworks */,
			);
			sourceTree = "<group>";
		};
		F5EEE1261FCE3DFA006B47C6 /* Products */ = {
			isa = PBXGroup;
			children = (
				F5EEE1251FCE3DFA006B47C6 /* Planda.app */,
				F5EEE1391FCE3DFA006B47C6 /* PlandaTests.xctest */,
				F5EEE1781FCE3F13006B47C6 /* Planda_for_ipad.app */,
			);
			name = Products;
			sourceTree = "<group>";
		};
		F5EEE1271FCE3DFA006B47C6 /* Planda */ = {
			isa = PBXGroup;
			children = (
				F5EEE1281FCE3DFA006B47C6 /* AppDelegate.swift */,
				F5EEE1901FCE4215006B47C6 /* Interface */,
				F5EEE12F1FCE3DFA006B47C6 /* Assets.xcassets */,
				F5EEE1311FCE3DFA006B47C6 /* LaunchScreen.storyboard */,
				F5EEE1341FCE3DFA006B47C6 /* Info.plist */,
				F55BB9B41FD894100051C9BD /* GoogleService-Info.plist */,
				F520BAD11FD0BEE3003073AC /* Utilities */,
			);
			path = Planda;
			sourceTree = "<group>";
		};
		F5EEE13C1FCE3DFA006B47C6 /* PlandaTests */ = {
			isa = PBXGroup;
			children = (
				F5EEE13D1FCE3DFA006B47C6 /* PlandaTests.swift */,
				F5EEE13F1FCE3DFA006B47C6 /* Info.plist */,
			);
			path = PlandaTests;
			sourceTree = "<group>";
		};
		F5EEE1791FCE3F13006B47C6 /* Planda_for_ipad */ = {
			isa = PBXGroup;
			children = (
				F5EEE17A1FCE3F13006B47C6 /* AppDelegate.swift */,
				F5EEE17C1FCE3F13006B47C6 /* ViewController.swift */,
				F5EEE17E1FCE3F13006B47C6 /* Main.storyboard */,
				F5EEE1811FCE3F13006B47C6 /* Assets.xcassets */,
				F5EEE1831FCE3F13006B47C6 /* LaunchScreen.storyboard */,
				F5EEE1861FCE3F13006B47C6 /* Info.plist */,
			);
			path = Planda_for_ipad;
			sourceTree = "<group>";
		};
		F5EEE1901FCE4215006B47C6 /* Interface */ = {
			isa = PBXGroup;
			children = (
				F5EEE1931FCE4246006B47C6 /* Main */,
				F5EEE19C1FCE42A9006B47C6 /* Month */,
				F5EEE19B1FCE42A3006B47C6 /* Week */,
				F5EEE19A1FCE429E006B47C6 /* Day */,
			);
			path = Interface;
			sourceTree = "<group>";
		};
		F5EEE1931FCE4246006B47C6 /* Main */ = {
			isa = PBXGroup;
			children = (
				F5EEE12C1FCE3DFA006B47C6 /* Main.storyboard */,
				F5EEE1911FCE423E006B47C6 /* MainTabBarController.swift */,
			);
			path = Main;
			sourceTree = "<group>";
		};
		F5EEE19A1FCE429E006B47C6 /* Day */ = {
			isa = PBXGroup;
			children = (
				F5EEE18A1FCE402E006B47C6 /* Day.storyboard */,
				F5E387F11FD1DE8E006E746B /* DayTableViewController.swift */,
			);
			path = Day;
			sourceTree = "<group>";
		};
		F5EEE19B1FCE42A3006B47C6 /* Week */ = {
			isa = PBXGroup;
			children = (
				F5EEE18E1FCE4053006B47C6 /* Week.storyboard */,
				F520BAD21FD0C411003073AC /* WeekTableViewController.swift */,
			);
			path = Week;
			sourceTree = "<group>";
		};
		F5EEE19C1FCE42A9006B47C6 /* Month */ = {
			isa = PBXGroup;
			children = (
				F5EEE18C1FCE4048006B47C6 /* Month.storyboard */,
				F51D8D741FCF8A4400415DA2 /* MonthTableViewController.swift */,
				F51D8D761FCFE4EE00415DA2 /* ListEntryTableViewController.swift */,
			);
			path = Month;
			sourceTree = "<group>";
		};
/* End PBXGroup section */

/* Begin PBXNativeTarget section */
		F5EEE1241FCE3DFA006B47C6 /* Planda */ = {
			isa = PBXNativeTarget;
			buildConfigurationList = F5EEE1421FCE3DFA006B47C6 /* Build configuration list for PBXNativeTarget "Planda" */;
			buildPhases = (
				6C77D06F3DE180DBAF652F40 /* [CP] Check Pods Manifest.lock */,
				F5EEE1211FCE3DFA006B47C6 /* Sources */,
				F5EEE1221FCE3DFA006B47C6 /* Frameworks */,
				F5EEE1231FCE3DFA006B47C6 /* Resources */,
				B31304BE08EB9CBC8875041C /* [CP] Embed Pods Frameworks */,
				324A6778ADD79A953172258C /* [CP] Copy Pods Resources */,
			);
			buildRules = (
			);
			dependencies = (
			);
			name = Planda;
			productName = Planda;
			productReference = F5EEE1251FCE3DFA006B47C6 /* Planda.app */;
			productType = "com.apple.product-type.application";
		};
		F5EEE1381FCE3DFA006B47C6 /* PlandaTests */ = {
			isa = PBXNativeTarget;
			buildConfigurationList = F5EEE1451FCE3DFA006B47C6 /* Build configuration list for PBXNativeTarget "PlandaTests" */;
			buildPhases = (
				871480FAA80F7CBEC6AD2139 /* [CP] Check Pods Manifest.lock */,
				F5EEE1351FCE3DFA006B47C6 /* Sources */,
				F5EEE1361FCE3DFA006B47C6 /* Frameworks */,
				F5EEE1371FCE3DFA006B47C6 /* Resources */,
				467DD4D1D06F096EEA880AD6 /* [CP] Embed Pods Frameworks */,
				6EDB7717C7ED16FDB3A29D3E /* [CP] Copy Pods Resources */,
			);
			buildRules = (
			);
			dependencies = (
				F5EEE13B1FCE3DFA006B47C6 /* PBXTargetDependency */,
			);
			name = PlandaTests;
			productName = PlandaTests;
			productReference = F5EEE1391FCE3DFA006B47C6 /* PlandaTests.xctest */;
			productType = "com.apple.product-type.bundle.unit-test";
		};
		F5EEE1771FCE3F13006B47C6 /* Planda_for_ipad */ = {
			isa = PBXNativeTarget;
			buildConfigurationList = F5EEE1871FCE3F13006B47C6 /* Build configuration list for PBXNativeTarget "Planda_for_ipad" */;
			buildPhases = (
				C26EF2970F04B523D270D5C7 /* [CP] Check Pods Manifest.lock */,
				F5EEE1741FCE3F13006B47C6 /* Sources */,
				F5EEE1751FCE3F13006B47C6 /* Frameworks */,
				F5EEE1761FCE3F13006B47C6 /* Resources */,
				0F6157CD79A2FBB775A95808 /* [CP] Embed Pods Frameworks */,
				FB30DC43055083B2439C1170 /* [CP] Copy Pods Resources */,
			);
			buildRules = (
			);
			dependencies = (
			);
			name = Planda_for_ipad;
			productName = Planda_for_ipad;
			productReference = F5EEE1781FCE3F13006B47C6 /* Planda_for_ipad.app */;
			productType = "com.apple.product-type.application";
		};
/* End PBXNativeTarget section */

/* Begin PBXProject section */
		F5EEE11D1FCE3DFA006B47C6 /* Project object */ = {
			isa = PBXProject;
			attributes = {
				LastSwiftUpdateCheck = 0910;
				LastUpgradeCheck = 0910;
				ORGANIZATIONNAME = nekturlabs;
				TargetAttributes = {
					F5EEE1241FCE3DFA006B47C6 = {
						CreatedOnToolsVersion = 9.1;
						ProvisioningStyle = Automatic;
					};
					F5EEE1381FCE3DFA006B47C6 = {
						CreatedOnToolsVersion = 9.1;
						ProvisioningStyle = Automatic;
						TestTargetID = F5EEE1241FCE3DFA006B47C6;
					};
					F5EEE1771FCE3F13006B47C6 = {
						CreatedOnToolsVersion = 9.1;
						ProvisioningStyle = Automatic;
					};
				};
			};
			buildConfigurationList = F5EEE1201FCE3DFA006B47C6 /* Build configuration list for PBXProject "Planda" */;
			compatibilityVersion = "Xcode 8.0";
			developmentRegion = en;
			hasScannedForEncodings = 0;
			knownRegions = (
				en,
				Base,
			);
			mainGroup = F5EEE11C1FCE3DFA006B47C6;
			productRefGroup = F5EEE1261FCE3DFA006B47C6 /* Products */;
			projectDirPath = "";
			projectRoot = "";
			targets = (
				F5EEE1241FCE3DFA006B47C6 /* Planda */,
				F5EEE1771FCE3F13006B47C6 /* Planda_for_ipad */,
				F5EEE1381FCE3DFA006B47C6 /* PlandaTests */,
			);
		};
/* End PBXProject section */

/* Begin PBXResourcesBuildPhase section */
		F5EEE1231FCE3DFA006B47C6 /* Resources */ = {
			isa = PBXResourcesBuildPhase;
			buildActionMask = 2147483647;
			files = (
				F5EEE1331FCE3DFA006B47C6 /* LaunchScreen.storyboard in Resources */,
				F5EEE18D1FCE4048006B47C6 /* Month.storyboard in Resources */,
				F5EEE1301FCE3DFA006B47C6 /* Assets.xcassets in Resources */,
				F5EEE12E1FCE3DFA006B47C6 /* Main.storyboard in Resources */,
				F5EEE18F1FCE4053006B47C6 /* Week.storyboard in Resources */,
				F5EEE18B1FCE402E006B47C6 /* Day.storyboard in Resources */,
				F55BB9B51FD894100051C9BD /* GoogleService-Info.plist in Resources */,
			);
			runOnlyForDeploymentPostprocessing = 0;
		};
		F5EEE1371FCE3DFA006B47C6 /* Resources */ = {
			isa = PBXResourcesBuildPhase;
			buildActionMask = 2147483647;
			files = (
			);
			runOnlyForDeploymentPostprocessing = 0;
		};
		F5EEE1761FCE3F13006B47C6 /* Resources */ = {
			isa = PBXResourcesBuildPhase;
			buildActionMask = 2147483647;
			files = (
				F5EEE1851FCE3F13006B47C6 /* LaunchScreen.storyboard in Resources */,
				F5EEE1821FCE3F13006B47C6 /* Assets.xcassets in Resources */,
				F5EEE1801FCE3F13006B47C6 /* Main.storyboard in Resources */,
			);
			runOnlyForDeploymentPostprocessing = 0;
		};
/* End PBXResourcesBuildPhase section */

/* Begin PBXShellScriptBuildPhase section */
		0F6157CD79A2FBB775A95808 /* [CP] Embed Pods Frameworks */ = {
			isa = PBXShellScriptBuildPhase;
			buildActionMask = 2147483647;
			files = (
			);
			inputPaths = (
			);
			name = "[CP] Embed Pods Frameworks";
			outputPaths = (
			);
			runOnlyForDeploymentPostprocessing = 0;
			shellPath = /bin/sh;
			shellScript = "\"${SRCROOT}/Pods/Target Support Files/Pods-Planda_for_ipad/Pods-Planda_for_ipad-frameworks.sh\"\n";
			showEnvVarsInLog = 0;
		};
		324A6778ADD79A953172258C /* [CP] Copy Pods Resources */ = {
			isa = PBXShellScriptBuildPhase;
			buildActionMask = 2147483647;
			files = (
			);
			inputPaths = (
			);
			name = "[CP] Copy Pods Resources";
			outputPaths = (
			);
			runOnlyForDeploymentPostprocessing = 0;
			shellPath = /bin/sh;
			shellScript = "\"${SRCROOT}/Pods/Target Support Files/Pods-Planda/Pods-Planda-resources.sh\"\n";
			showEnvVarsInLog = 0;
		};
		467DD4D1D06F096EEA880AD6 /* [CP] Embed Pods Frameworks */ = {
			isa = PBXShellScriptBuildPhase;
			buildActionMask = 2147483647;
			files = (
			);
			inputPaths = (
				"${SRCROOT}/Pods/Target Support Files/Pods-PlandaTests/Pods-PlandaTests-frameworks.sh",
				"${BUILT_PRODUCTS_DIR}/GoogleToolboxForMac/GoogleToolboxForMac.framework",
				"${BUILT_PRODUCTS_DIR}/leveldb-library/leveldb.framework",
				"${BUILT_PRODUCTS_DIR}/nanopb/nanopb.framework",
			);
			name = "[CP] Embed Pods Frameworks";
			outputPaths = (
				"${TARGET_BUILD_DIR}/${FRAMEWORKS_FOLDER_PATH}/GoogleToolboxForMac.framework",
				"${TARGET_BUILD_DIR}/${FRAMEWORKS_FOLDER_PATH}/leveldb.framework",
				"${TARGET_BUILD_DIR}/${FRAMEWORKS_FOLDER_PATH}/nanopb.framework",
			);
			runOnlyForDeploymentPostprocessing = 0;
			shellPath = /bin/sh;
			shellScript = "\"${SRCROOT}/Pods/Target Support Files/Pods-PlandaTests/Pods-PlandaTests-frameworks.sh\"\n";
			showEnvVarsInLog = 0;
		};
		6C77D06F3DE180DBAF652F40 /* [CP] Check Pods Manifest.lock */ = {
			isa = PBXShellScriptBuildPhase;
			buildActionMask = 2147483647;
			files = (
			);
			inputPaths = (
				"${PODS_PODFILE_DIR_PATH}/Podfile.lock",
				"${PODS_ROOT}/Manifest.lock",
			);
			name = "[CP] Check Pods Manifest.lock";
			outputPaths = (
				"$(DERIVED_FILE_DIR)/Pods-Planda-checkManifestLockResult.txt",
			);
			runOnlyForDeploymentPostprocessing = 0;
			shellPath = /bin/sh;
			shellScript = "diff \"${PODS_PODFILE_DIR_PATH}/Podfile.lock\" \"${PODS_ROOT}/Manifest.lock\" > /dev/null\nif [ $? != 0 ] ; then\n    # print error to STDERR\n    echo \"error: The sandbox is not in sync with the Podfile.lock. Run 'pod install' or update your CocoaPods installation.\" >&2\n    exit 1\nfi\n# This output is used by Xcode 'outputs' to avoid re-running this script phase.\necho \"SUCCESS\" > \"${SCRIPT_OUTPUT_FILE_0}\"\n";
			showEnvVarsInLog = 0;
		};
		6EDB7717C7ED16FDB3A29D3E /* [CP] Copy Pods Resources */ = {
			isa = PBXShellScriptBuildPhase;
			buildActionMask = 2147483647;
			files = (
			);
			inputPaths = (
			);
			name = "[CP] Copy Pods Resources";
			outputPaths = (
			);
			runOnlyForDeploymentPostprocessing = 0;
			shellPath = /bin/sh;
			shellScript = "\"${SRCROOT}/Pods/Target Support Files/Pods-PlandaTests/Pods-PlandaTests-resources.sh\"\n";
			showEnvVarsInLog = 0;
		};
		871480FAA80F7CBEC6AD2139 /* [CP] Check Pods Manifest.lock */ = {
			isa = PBXShellScriptBuildPhase;
			buildActionMask = 2147483647;
			files = (
			);
			inputPaths = (
				"${PODS_PODFILE_DIR_PATH}/Podfile.lock",
				"${PODS_ROOT}/Manifest.lock",
			);
			name = "[CP] Check Pods Manifest.lock";
			outputPaths = (
				"$(DERIVED_FILE_DIR)/Pods-PlandaTests-checkManifestLockResult.txt",
			);
			runOnlyForDeploymentPostprocessing = 0;
			shellPath = /bin/sh;
			shellScript = "diff \"${PODS_PODFILE_DIR_PATH}/Podfile.lock\" \"${PODS_ROOT}/Manifest.lock\" > /dev/null\nif [ $? != 0 ] ; then\n    # print error to STDERR\n    echo \"error: The sandbox is not in sync with the Podfile.lock. Run 'pod install' or update your CocoaPods installation.\" >&2\n    exit 1\nfi\n# This output is used by Xcode 'outputs' to avoid re-running this script phase.\necho \"SUCCESS\" > \"${SCRIPT_OUTPUT_FILE_0}\"\n";
			showEnvVarsInLog = 0;
		};
		B31304BE08EB9CBC8875041C /* [CP] Embed Pods Frameworks */ = {
			isa = PBXShellScriptBuildPhase;
			buildActionMask = 2147483647;
			files = (
			);
			inputPaths = (
				"${SRCROOT}/Pods/Target Support Files/Pods-Planda/Pods-Planda-frameworks.sh",
				"${BUILT_PRODUCTS_DIR}/GoogleToolboxForMac/GoogleToolboxForMac.framework",
				"${BUILT_PRODUCTS_DIR}/leveldb-library/leveldb.framework",
				"${BUILT_PRODUCTS_DIR}/nanopb/nanopb.framework",
			);
			name = "[CP] Embed Pods Frameworks";
			outputPaths = (
				"${TARGET_BUILD_DIR}/${FRAMEWORKS_FOLDER_PATH}/GoogleToolboxForMac.framework",
				"${TARGET_BUILD_DIR}/${FRAMEWORKS_FOLDER_PATH}/leveldb.framework",
				"${TARGET_BUILD_DIR}/${FRAMEWORKS_FOLDER_PATH}/nanopb.framework",
			);
			runOnlyForDeploymentPostprocessing = 0;
			shellPath = /bin/sh;
			shellScript = "\"${SRCROOT}/Pods/Target Support Files/Pods-Planda/Pods-Planda-frameworks.sh\"\n";
			showEnvVarsInLog = 0;
		};
		C26EF2970F04B523D270D5C7 /* [CP] Check Pods Manifest.lock */ = {
			isa = PBXShellScriptBuildPhase;
			buildActionMask = 2147483647;
			files = (
			);
			inputPaths = (
				"${PODS_PODFILE_DIR_PATH}/Podfile.lock",
				"${PODS_ROOT}/Manifest.lock",
			);
			name = "[CP] Check Pods Manifest.lock";
			outputPaths = (
				"$(DERIVED_FILE_DIR)/Pods-Planda_for_ipad-checkManifestLockResult.txt",
			);
			runOnlyForDeploymentPostprocessing = 0;
			shellPath = /bin/sh;
			shellScript = "diff \"${PODS_PODFILE_DIR_PATH}/Podfile.lock\" \"${PODS_ROOT}/Manifest.lock\" > /dev/null\nif [ $? != 0 ] ; then\n    # print error to STDERR\n    echo \"error: The sandbox is not in sync with the Podfile.lock. Run 'pod install' or update your CocoaPods installation.\" >&2\n    exit 1\nfi\n# This output is used by Xcode 'outputs' to avoid re-running this script phase.\necho \"SUCCESS\" > \"${SCRIPT_OUTPUT_FILE_0}\"\n";
			showEnvVarsInLog = 0;
		};
		FB30DC43055083B2439C1170 /* [CP] Copy Pods Resources */ = {
			isa = PBXShellScriptBuildPhase;
			buildActionMask = 2147483647;
			files = (
			);
			inputPaths = (
			);
			name = "[CP] Copy Pods Resources";
			outputPaths = (
			);
			runOnlyForDeploymentPostprocessing = 0;
			shellPath = /bin/sh;
			shellScript = "\"${SRCROOT}/Pods/Target Support Files/Pods-Planda_for_ipad/Pods-Planda_for_ipad-resources.sh\"\n";
			showEnvVarsInLog = 0;
		};
/* End PBXShellScriptBuildPhase section */

/* Begin PBXSourcesBuildPhase section */
		F5EEE1211FCE3DFA006B47C6 /* Sources */ = {
			isa = PBXSourcesBuildPhase;
			buildActionMask = 2147483647;
			files = (
				F51D8D771FCFE4EE00415DA2 /* ListEntryTableViewController.swift in Sources */,
				F5EEE1921FCE423E006B47C6 /* MainTabBarController.swift in Sources */,
				F520BAD01FD0BEDE003073AC /* Extensions.swift in Sources */,
				F520BAD31FD0C411003073AC /* WeekTableViewController.swift in Sources */,
				F5E387F21FD1DE8E006E746B /* DayTableViewController.swift in Sources */,
				F5EEE1291FCE3DFA006B47C6 /* AppDelegate.swift in Sources */,
				F51D8D751FCF8A4400415DA2 /* MonthTableViewController.swift in Sources */,
			);
			runOnlyForDeploymentPostprocessing = 0;
		};
		F5EEE1351FCE3DFA006B47C6 /* Sources */ = {
			isa = PBXSourcesBuildPhase;
			buildActionMask = 2147483647;
			files = (
				F5EEE13E1FCE3DFA006B47C6 /* PlandaTests.swift in Sources */,
			);
			runOnlyForDeploymentPostprocessing = 0;
		};
		F5EEE1741FCE3F13006B47C6 /* Sources */ = {
			isa = PBXSourcesBuildPhase;
			buildActionMask = 2147483647;
			files = (
				F5EEE17D1FCE3F13006B47C6 /* ViewController.swift in Sources */,
				F5EEE17B1FCE3F13006B47C6 /* AppDelegate.swift in Sources */,
			);
			runOnlyForDeploymentPostprocessing = 0;
		};
/* End PBXSourcesBuildPhase section */

/* Begin PBXTargetDependency section */
		F5EEE13B1FCE3DFA006B47C6 /* PBXTargetDependency */ = {
			isa = PBXTargetDependency;
			target = F5EEE1241FCE3DFA006B47C6 /* Planda */;
			targetProxy = F5EEE13A1FCE3DFA006B47C6 /* PBXContainerItemProxy */;
		};
/* End PBXTargetDependency section */

/* Begin PBXVariantGroup section */
		F5EEE12C1FCE3DFA006B47C6 /* Main.storyboard */ = {
			isa = PBXVariantGroup;
			children = (
				F5EEE12D1FCE3DFA006B47C6 /* Base */,
			);
			name = Main.storyboard;
			sourceTree = "<group>";
		};
		F5EEE1311FCE3DFA006B47C6 /* LaunchScreen.storyboard */ = {
			isa = PBXVariantGroup;
			children = (
				F5EEE1321FCE3DFA006B47C6 /* Base */,
			);
			name = LaunchScreen.storyboard;
			sourceTree = "<group>";
		};
		F5EEE17E1FCE3F13006B47C6 /* Main.storyboard */ = {
			isa = PBXVariantGroup;
			children = (
				F5EEE17F1FCE3F13006B47C6 /* Base */,
			);
			name = Main.storyboard;
			sourceTree = "<group>";
		};
		F5EEE1831FCE3F13006B47C6 /* LaunchScreen.storyboard */ = {
			isa = PBXVariantGroup;
			children = (
				F5EEE1841FCE3F13006B47C6 /* Base */,
			);
			name = LaunchScreen.storyboard;
			sourceTree = "<group>";
		};
/* End PBXVariantGroup section */

/* Begin XCBuildConfiguration section */
		F5EEE1401FCE3DFA006B47C6 /* Debug */ = {
			isa = XCBuildConfiguration;
			buildSettings = {
				ALWAYS_SEARCH_USER_PATHS = NO;
				CLANG_ANALYZER_NONNULL = YES;
				CLANG_ANALYZER_NUMBER_OBJECT_CONVERSION = YES_AGGRESSIVE;
				CLANG_CXX_LANGUAGE_STANDARD = "gnu++14";
				CLANG_CXX_LIBRARY = "libc++";
				CLANG_ENABLE_MODULES = YES;
				CLANG_ENABLE_OBJC_ARC = YES;
				CLANG_WARN_BLOCK_CAPTURE_AUTORELEASING = YES;
				CLANG_WARN_BOOL_CONVERSION = YES;
				CLANG_WARN_COMMA = YES;
				CLANG_WARN_CONSTANT_CONVERSION = YES;
				CLANG_WARN_DIRECT_OBJC_ISA_USAGE = YES_ERROR;
				CLANG_WARN_DOCUMENTATION_COMMENTS = YES;
				CLANG_WARN_EMPTY_BODY = YES;
				CLANG_WARN_ENUM_CONVERSION = YES;
				CLANG_WARN_INFINITE_RECURSION = YES;
				CLANG_WARN_INT_CONVERSION = YES;
				CLANG_WARN_NON_LITERAL_NULL_CONVERSION = YES;
				CLANG_WARN_OBJC_LITERAL_CONVERSION = YES;
				CLANG_WARN_OBJC_ROOT_CLASS = YES_ERROR;
				CLANG_WARN_RANGE_LOOP_ANALYSIS = YES;
				CLANG_WARN_STRICT_PROTOTYPES = YES;
				CLANG_WARN_SUSPICIOUS_MOVE = YES;
				CLANG_WARN_UNGUARDED_AVAILABILITY = YES_AGGRESSIVE;
				CLANG_WARN_UNREACHABLE_CODE = YES;
				CLANG_WARN__DUPLICATE_METHOD_MATCH = YES;
				CODE_SIGN_IDENTITY = "iPhone Developer";
				COPY_PHASE_STRIP = NO;
				DEBUG_INFORMATION_FORMAT = dwarf;
				ENABLE_STRICT_OBJC_MSGSEND = YES;
				ENABLE_TESTABILITY = YES;
				GCC_C_LANGUAGE_STANDARD = gnu11;
				GCC_DYNAMIC_NO_PIC = NO;
				GCC_NO_COMMON_BLOCKS = YES;
				GCC_OPTIMIZATION_LEVEL = 0;
				GCC_PREPROCESSOR_DEFINITIONS = (
					"DEBUG=1",
					"$(inherited)",
				);
				GCC_WARN_64_TO_32_BIT_CONVERSION = YES;
				GCC_WARN_ABOUT_RETURN_TYPE = YES_ERROR;
				GCC_WARN_UNDECLARED_SELECTOR = YES;
				GCC_WARN_UNINITIALIZED_AUTOS = YES_AGGRESSIVE;
				GCC_WARN_UNUSED_FUNCTION = YES;
				GCC_WARN_UNUSED_VARIABLE = YES;
				IPHONEOS_DEPLOYMENT_TARGET = 11.1;
				MTL_ENABLE_DEBUG_INFO = YES;
				ONLY_ACTIVE_ARCH = YES;
				SDKROOT = iphoneos;
				SWIFT_ACTIVE_COMPILATION_CONDITIONS = DEBUG;
				SWIFT_OPTIMIZATION_LEVEL = "-Onone";
			};
			name = Debug;
		};
		F5EEE1411FCE3DFA006B47C6 /* Release */ = {
			isa = XCBuildConfiguration;
			buildSettings = {
				ALWAYS_SEARCH_USER_PATHS = NO;
				CLANG_ANALYZER_NONNULL = YES;
				CLANG_ANALYZER_NUMBER_OBJECT_CONVERSION = YES_AGGRESSIVE;
				CLANG_CXX_LANGUAGE_STANDARD = "gnu++14";
				CLANG_CXX_LIBRARY = "libc++";
				CLANG_ENABLE_MODULES = YES;
				CLANG_ENABLE_OBJC_ARC = YES;
				CLANG_WARN_BLOCK_CAPTURE_AUTORELEASING = YES;
				CLANG_WARN_BOOL_CONVERSION = YES;
				CLANG_WARN_COMMA = YES;
				CLANG_WARN_CONSTANT_CONVERSION = YES;
				CLANG_WARN_DIRECT_OBJC_ISA_USAGE = YES_ERROR;
				CLANG_WARN_DOCUMENTATION_COMMENTS = YES;
				CLANG_WARN_EMPTY_BODY = YES;
				CLANG_WARN_ENUM_CONVERSION = YES;
				CLANG_WARN_INFINITE_RECURSION = YES;
				CLANG_WARN_INT_CONVERSION = YES;
				CLANG_WARN_NON_LITERAL_NULL_CONVERSION = YES;
				CLANG_WARN_OBJC_LITERAL_CONVERSION = YES;
				CLANG_WARN_OBJC_ROOT_CLASS = YES_ERROR;
				CLANG_WARN_RANGE_LOOP_ANALYSIS = YES;
				CLANG_WARN_STRICT_PROTOTYPES = YES;
				CLANG_WARN_SUSPICIOUS_MOVE = YES;
				CLANG_WARN_UNGUARDED_AVAILABILITY = YES_AGGRESSIVE;
				CLANG_WARN_UNREACHABLE_CODE = YES;
				CLANG_WARN__DUPLICATE_METHOD_MATCH = YES;
				CODE_SIGN_IDENTITY = "iPhone Developer";
				COPY_PHASE_STRIP = NO;
				DEBUG_INFORMATION_FORMAT = "dwarf-with-dsym";
				ENABLE_NS_ASSERTIONS = NO;
				ENABLE_STRICT_OBJC_MSGSEND = YES;
				GCC_C_LANGUAGE_STANDARD = gnu11;
				GCC_NO_COMMON_BLOCKS = YES;
				GCC_WARN_64_TO_32_BIT_CONVERSION = YES;
				GCC_WARN_ABOUT_RETURN_TYPE = YES_ERROR;
				GCC_WARN_UNDECLARED_SELECTOR = YES;
				GCC_WARN_UNINITIALIZED_AUTOS = YES_AGGRESSIVE;
				GCC_WARN_UNUSED_FUNCTION = YES;
				GCC_WARN_UNUSED_VARIABLE = YES;
				IPHONEOS_DEPLOYMENT_TARGET = 11.1;
				MTL_ENABLE_DEBUG_INFO = NO;
				SDKROOT = iphoneos;
				SWIFT_OPTIMIZATION_LEVEL = "-Owholemodule";
				VALIDATE_PRODUCT = YES;
			};
			name = Release;
		};
		F5EEE1431FCE3DFA006B47C6 /* Debug */ = {
			isa = XCBuildConfiguration;
			baseConfigurationReference = 1A3F0B638121EA92A3DD7ECC /* Pods-Planda.debug.xcconfig */;
			buildSettings = {
				ASSETCATALOG_COMPILER_APPICON_NAME = AppIcon;
				CODE_SIGN_STYLE = Automatic;
				DEVELOPMENT_TEAM = 3DJPBY6593;
				INFOPLIST_FILE = Planda/Info.plist;
				IPHONEOS_DEPLOYMENT_TARGET = 11.0;
				LD_RUNPATH_SEARCH_PATHS = "$(inherited) @executable_path/Frameworks";
				PRODUCT_BUNDLE_IDENTIFIER = com.nekturlabs.Planda;
				PRODUCT_NAME = "$(TARGET_NAME)";
				SWIFT_VERSION = 4.0;
				TARGETED_DEVICE_FAMILY = 1;
			};
			name = Debug;
		};
		F5EEE1441FCE3DFA006B47C6 /* Release */ = {
			isa = XCBuildConfiguration;
			baseConfigurationReference = 986DB1F0F25ED7399A78BBA0 /* Pods-Planda.release.xcconfig */;
			buildSettings = {
				ASSETCATALOG_COMPILER_APPICON_NAME = AppIcon;
				CODE_SIGN_STYLE = Automatic;
				DEVELOPMENT_TEAM = 3DJPBY6593;
				INFOPLIST_FILE = Planda/Info.plist;
				IPHONEOS_DEPLOYMENT_TARGET = 11.0;
				LD_RUNPATH_SEARCH_PATHS = "$(inherited) @executable_path/Frameworks";
				PRODUCT_BUNDLE_IDENTIFIER = com.nekturlabs.Planda;
				PRODUCT_NAME = "$(TARGET_NAME)";
				SWIFT_VERSION = 4.0;
				TARGETED_DEVICE_FAMILY = 1;
			};
			name = Release;
		};
		F5EEE1461FCE3DFA006B47C6 /* Debug */ = {
			isa = XCBuildConfiguration;
			baseConfigurationReference = 31E754344CF10BDE16D8A8E4 /* Pods-PlandaTests.debug.xcconfig */;
			buildSettings = {
				ALWAYS_EMBED_SWIFT_STANDARD_LIBRARIES = YES;
				BUNDLE_LOADER = "$(TEST_HOST)";
				CODE_SIGN_STYLE = Automatic;
				DEVELOPMENT_TEAM = 3DJPBY6593;
				INFOPLIST_FILE = PlandaTests/Info.plist;
				LD_RUNPATH_SEARCH_PATHS = "$(inherited) @executable_path/Frameworks @loader_path/Frameworks";
				PRODUCT_BUNDLE_IDENTIFIER = com.nekturlabs.PlandaTests;
				PRODUCT_NAME = "$(TARGET_NAME)";
				SWIFT_VERSION = 4.0;
				TARGETED_DEVICE_FAMILY = "1,2";
				TEST_HOST = "$(BUILT_PRODUCTS_DIR)/Planda.app/Planda";
			};
			name = Debug;
		};
		F5EEE1471FCE3DFA006B47C6 /* Release */ = {
			isa = XCBuildConfiguration;
			baseConfigurationReference = EE2F115A3EF5EC1E8DEE3924 /* Pods-PlandaTests.release.xcconfig */;
			buildSettings = {
				ALWAYS_EMBED_SWIFT_STANDARD_LIBRARIES = YES;
				BUNDLE_LOADER = "$(TEST_HOST)";
				CODE_SIGN_STYLE = Automatic;
				DEVELOPMENT_TEAM = 3DJPBY6593;
				INFOPLIST_FILE = PlandaTests/Info.plist;
				LD_RUNPATH_SEARCH_PATHS = "$(inherited) @executable_path/Frameworks @loader_path/Frameworks";
				PRODUCT_BUNDLE_IDENTIFIER = com.nekturlabs.PlandaTests;
				PRODUCT_NAME = "$(TARGET_NAME)";
				SWIFT_VERSION = 4.0;
				TARGETED_DEVICE_FAMILY = "1,2";
				TEST_HOST = "$(BUILT_PRODUCTS_DIR)/Planda.app/Planda";
			};
			name = Release;
		};
		F5EEE1881FCE3F13006B47C6 /* Debug */ = {
			isa = XCBuildConfiguration;
			baseConfigurationReference = 6665AB0D40441C7471CB8264 /* Pods-Planda_for_ipad.debug.xcconfig */;
			buildSettings = {
				ASSETCATALOG_COMPILER_APPICON_NAME = AppIcon;
				CODE_SIGN_STYLE = Automatic;
				DEVELOPMENT_TEAM = 3DJPBY6593;
				INFOPLIST_FILE = Planda_for_ipad/Info.plist;
				LD_RUNPATH_SEARCH_PATHS = "$(inherited) @executable_path/Frameworks";
				PRODUCT_BUNDLE_IDENTIFIER = "com.nekturlabs.Planda-for-ipad";
				PRODUCT_NAME = "$(TARGET_NAME)";
				SWIFT_VERSION = 4.0;
				TARGETED_DEVICE_FAMILY = 2;
			};
			name = Debug;
		};
		F5EEE1891FCE3F13006B47C6 /* Release */ = {
			isa = XCBuildConfiguration;
			baseConfigurationReference = A580DF0B14A64FB2FC443AD6 /* Pods-Planda_for_ipad.release.xcconfig */;
			buildSettings = {
				ASSETCATALOG_COMPILER_APPICON_NAME = AppIcon;
				CODE_SIGN_STYLE = Automatic;
				DEVELOPMENT_TEAM = 3DJPBY6593;
				INFOPLIST_FILE = Planda_for_ipad/Info.plist;
				LD_RUNPATH_SEARCH_PATHS = "$(inherited) @executable_path/Frameworks";
				PRODUCT_BUNDLE_IDENTIFIER = "com.nekturlabs.Planda-for-ipad";
				PRODUCT_NAME = "$(TARGET_NAME)";
				SWIFT_VERSION = 4.0;
				TARGETED_DEVICE_FAMILY = 2;
			};
			name = Release;
		};
/* End XCBuildConfiguration section */

/* Begin XCConfigurationList section */
		F5EEE1201FCE3DFA006B47C6 /* Build configuration list for PBXProject "Planda" */ = {
			isa = XCConfigurationList;
			buildConfigurations = (
				F5EEE1401FCE3DFA006B47C6 /* Debug */,
				F5EEE1411FCE3DFA006B47C6 /* Release */,
			);
			defaultConfigurationIsVisible = 0;
			defaultConfigurationName = Release;
		};
		F5EEE1421FCE3DFA006B47C6 /* Build configuration list for PBXNativeTarget "Planda" */ = {
			isa = XCConfigurationList;
			buildConfigurations = (
				F5EEE1431FCE3DFA006B47C6 /* Debug */,
				F5EEE1441FCE3DFA006B47C6 /* Release */,
			);
			defaultConfigurationIsVisible = 0;
			defaultConfigurationName = Release;
		};
		F5EEE1451FCE3DFA006B47C6 /* Build configuration list for PBXNativeTarget "PlandaTests" */ = {
			isa = XCConfigurationList;
			buildConfigurations = (
				F5EEE1461FCE3DFA006B47C6 /* Debug */,
				F5EEE1471FCE3DFA006B47C6 /* Release */,
			);
			defaultConfigurationIsVisible = 0;
			defaultConfigurationName = Release;
		};
		F5EEE1871FCE3F13006B47C6 /* Build configuration list for PBXNativeTarget "Planda_for_ipad" */ = {
			isa = XCConfigurationList;
			buildConfigurations = (
				F5EEE1881FCE3F13006B47C6 /* Debug */,
				F5EEE1891FCE3F13006B47C6 /* Release */,
			);
			defaultConfigurationIsVisible = 0;
			defaultConfigurationName = Release;
		};
/* End XCConfigurationList section */
	};
	rootObject = F5EEE11D1FCE3DFA006B47C6 /* Project object */;
}
