// !$*UTF8*$!
{
	archiveVersion = 1;
	classes = {
	};
	objectVersion = 48;
	objects = {

/* Begin PBXBuildFile section */
		F51D8D751FCF8A4400415DA2 /* MonthTableViewController.swift in Sources */ = {isa = PBXBuildFile; fileRef = F51D8D741FCF8A4400415DA2 /* MonthTableViewController.swift */; };
		F51D8D771FCFE4EE00415DA2 /* ListEntryTableViewController.swift in Sources */ = {isa = PBXBuildFile; fileRef = F51D8D761FCFE4EE00415DA2 /* ListEntryTableViewController.swift */; };
		F5EEE1291FCE3DFA006B47C6 /* AppDelegate.swift in Sources */ = {isa = PBXBuildFile; fileRef = F5EEE1281FCE3DFA006B47C6 /* AppDelegate.swift */; };
		F5EEE12E1FCE3DFA006B47C6 /* Main.storyboard in Resources */ = {isa = PBXBuildFile; fileRef = F5EEE12C1FCE3DFA006B47C6 /* Main.storyboard */; };
		F5EEE1301FCE3DFA006B47C6 /* Assets.xcassets in Resources */ = {isa = PBXBuildFile; fileRef = F5EEE12F1FCE3DFA006B47C6 /* Assets.xcassets */; };
		F5EEE1331FCE3DFA006B47C6 /* LaunchScreen.storyboard in Resources */ = {isa = PBXBuildFile; fileRef = F5EEE1311FCE3DFA006B47C6 /* LaunchScreen.storyboard */; };
		F5EEE13E1FCE3DFA006B47C6 /* PlandaTests.swift in Sources */ = {isa = PBXBuildFile; fileRef = F5EEE13D1FCE3DFA006B47C6 /* PlandaTests.swift */; };
		F5EEE17B1FCE3F13006B47C6 /* AppDelegate.swift in Sources */ = {isa = PBXBuildFile; fileRef = F5EEE17A1FCE3F13006B47C6 /* AppDelegate.swift */; };
		F5EEE17D1FCE3F13006B47C6 /* ViewController.swift in Sources */ = {isa = PBXBuildFile; fileRef = F5EEE17C1FCE3F13006B47C6 /* ViewController.swift */; };
		F5EEE1801FCE3F13006B47C6 /* Main.storyboard in Resources */ = {isa = PBXBuildFile; fileRef = F5EEE17E1FCE3F13006B47C6 /* Main.storyboard */; };
		F5EEE1821FCE3F13006B47C6 /* Assets.xcassets in Resources */ = {isa = PBXBuildFile; fileRef = F5EEE1811FCE3F13006B47C6 /* Assets.xcassets */; };
		F5EEE1851FCE3F13006B47C6 /* LaunchScreen.storyboard in Resources */ = {isa = PBXBuildFile; fileRef = F5EEE1831FCE3F13006B47C6 /* LaunchScreen.storyboard */; };
		F5EEE18B1FCE402E006B47C6 /* Day.storyboard in Resources */ = {isa = PBXBuildFile; fileRef = F5EEE18A1FCE402E006B47C6 /* Day.storyboard */; };
		F5EEE18D1FCE4048006B47C6 /* Month.storyboard in Resources */ = {isa = PBXBuildFile; fileRef = F5EEE18C1FCE4048006B47C6 /* Month.storyboard */; };
		F5EEE18F1FCE4053006B47C6 /* Week.storyboard in Resources */ = {isa = PBXBuildFile; fileRef = F5EEE18E1FCE4053006B47C6 /* Week.storyboard */; };
		F5EEE1921FCE423E006B47C6 /* MainTabBarController.swift in Sources */ = {isa = PBXBuildFile; fileRef = F5EEE1911FCE423E006B47C6 /* MainTabBarController.swift */; };
		F5EEE1951FCE4268006B47C6 /* DayViewController.swift in Sources */ = {isa = PBXBuildFile; fileRef = F5EEE1941FCE4268006B47C6 /* DayViewController.swift */; };
		F5EEE1971FCE4275006B47C6 /* WeekViewController.swift in Sources */ = {isa = PBXBuildFile; fileRef = F5EEE1961FCE4275006B47C6 /* WeekViewController.swift */; };
/* End PBXBuildFile section */

/* Begin PBXContainerItemProxy section */
		F5EEE13A1FCE3DFA006B47C6 /* PBXContainerItemProxy */ = {
			isa = PBXContainerItemProxy;
			containerPortal = F5EEE11D1FCE3DFA006B47C6 /* Project object */;
			proxyType = 1;
			remoteGlobalIDString = F5EEE1241FCE3DFA006B47C6;
			remoteInfo = Planda;
		};
/* End PBXContainerItemProxy section */

/* Begin PBXFileReference section */
		F51D8D741FCF8A4400415DA2 /* MonthTableViewController.swift */ = {isa = PBXFileReference; lastKnownFileType = sourcecode.swift; path = MonthTableViewController.swift; sourceTree = "<group>"; };
		F51D8D761FCFE4EE00415DA2 /* ListEntryTableViewController.swift */ = {isa = PBXFileReference; lastKnownFileType = sourcecode.swift; path = ListEntryTableViewController.swift; sourceTree = "<group>"; };
		F5EEE1251FCE3DFA006B47C6 /* Planda.app */ = {isa = PBXFileReference; explicitFileType = wrapper.application; includeInIndex = 0; path = Planda.app; sourceTree = BUILT_PRODUCTS_DIR; };
		F5EEE1281FCE3DFA006B47C6 /* AppDelegate.swift */ = {isa = PBXFileReference; lastKnownFileType = sourcecode.swift; path = AppDelegate.swift; sourceTree = "<group>"; };
		F5EEE12D1FCE3DFA006B47C6 /* Base */ = {isa = PBXFileReference; lastKnownFileType = file.storyboard; name = Base; path = Base.lproj/Main.storyboard; sourceTree = "<group>"; };
		F5EEE12F1FCE3DFA006B47C6 /* Assets.xcassets */ = {isa = PBXFileReference; lastKnownFileType = folder.assetcatalog; path = Assets.xcassets; sourceTree = "<group>"; };
		F5EEE1321FCE3DFA006B47C6 /* Base */ = {isa = PBXFileReference; lastKnownFileType = file.storyboard; name = Base; path = Base.lproj/LaunchScreen.storyboard; sourceTree = "<group>"; };
		F5EEE1341FCE3DFA006B47C6 /* Info.plist */ = {isa = PBXFileReference; lastKnownFileType = text.plist.xml; path = Info.plist; sourceTree = "<group>"; };
		F5EEE1391FCE3DFA006B47C6 /* PlandaTests.xctest */ = {isa = PBXFileReference; explicitFileType = wrapper.cfbundle; includeInIndex = 0; path = PlandaTests.xctest; sourceTree = BUILT_PRODUCTS_DIR; };
		F5EEE13D1FCE3DFA006B47C6 /* PlandaTests.swift */ = {isa = PBXFileReference; lastKnownFileType = sourcecode.swift; path = PlandaTests.swift; sourceTree = "<group>"; };
		F5EEE13F1FCE3DFA006B47C6 /* Info.plist */ = {isa = PBXFileReference; lastKnownFileType = text.plist.xml; path = Info.plist; sourceTree = "<group>"; };
		F5EEE1781FCE3F13006B47C6 /* Planda_for_ipad.app */ = {isa = PBXFileReference; explicitFileType = wrapper.application; includeInIndex = 0; path = Planda_for_ipad.app; sourceTree = BUILT_PRODUCTS_DIR; };
		F5EEE17A1FCE3F13006B47C6 /* AppDelegate.swift */ = {isa = PBXFileReference; lastKnownFileType = sourcecode.swift; path = AppDelegate.swift; sourceTree = "<group>"; };
		F5EEE17C1FCE3F13006B47C6 /* ViewController.swift */ = {isa = PBXFileReference; lastKnownFileType = sourcecode.swift; path = ViewController.swift; sourceTree = "<group>"; };
		F5EEE17F1FCE3F13006B47C6 /* Base */ = {isa = PBXFileReference; lastKnownFileType = file.storyboard; name = Base; path = Base.lproj/Main.storyboard; sourceTree = "<group>"; };
		F5EEE1811FCE3F13006B47C6 /* Assets.xcassets */ = {isa = PBXFileReference; lastKnownFileType = folder.assetcatalog; path = Assets.xcassets; sourceTree = "<group>"; };
		F5EEE1841FCE3F13006B47C6 /* Base */ = {isa = PBXFileReference; lastKnownFileType = file.storyboard; name = Base; path = Base.lproj/LaunchScreen.storyboard; sourceTree = "<group>"; };
		F5EEE1861FCE3F13006B47C6 /* Info.plist */ = {isa = PBXFileReference; lastKnownFileType = text.plist.xml; path = Info.plist; sourceTree = "<group>"; };
		F5EEE18A1FCE402E006B47C6 /* Day.storyboard */ = {isa = PBXFileReference; lastKnownFileType = file.storyboard; path = Day.storyboard; sourceTree = "<group>"; };
		F5EEE18C1FCE4048006B47C6 /* Month.storyboard */ = {isa = PBXFileReference; lastKnownFileType = file.storyboard; path = Month.storyboard; sourceTree = "<group>"; };
		F5EEE18E1FCE4053006B47C6 /* Week.storyboard */ = {isa = PBXFileReference; lastKnownFileType = file.storyboard; path = Week.storyboard; sourceTree = "<group>"; };
		F5EEE1911FCE423E006B47C6 /* MainTabBarController.swift */ = {isa = PBXFileReference; lastKnownFileType = sourcecode.swift; path = MainTabBarController.swift; sourceTree = "<group>"; };
		F5EEE1941FCE4268006B47C6 /* DayViewController.swift */ = {isa = PBXFileReference; lastKnownFileType = sourcecode.swift; path = DayViewController.swift; sourceTree = "<group>"; };
		F5EEE1961FCE4275006B47C6 /* WeekViewController.swift */ = {isa = PBXFileReference; lastKnownFileType = sourcecode.swift; path = WeekViewController.swift; sourceTree = "<group>"; };
/* End PBXFileReference section */

/* Begin PBXFrameworksBuildPhase section */
		F5EEE1221FCE3DFA006B47C6 /* Frameworks */ = {
			isa = PBXFrameworksBuildPhase;
			buildActionMask = 2147483647;
			files = (
			);
			runOnlyForDeploymentPostprocessing = 0;
		};
		F5EEE1361FCE3DFA006B47C6 /* Frameworks */ = {
			isa = PBXFrameworksBuildPhase;
			buildActionMask = 2147483647;
			files = (
			);
			runOnlyForDeploymentPostprocessing = 0;
		};
		F5EEE1751FCE3F13006B47C6 /* Frameworks */ = {
			isa = PBXFrameworksBuildPhase;
			buildActionMask = 2147483647;
			files = (
			);
			runOnlyForDeploymentPostprocessing = 0;
		};
/* End PBXFrameworksBuildPhase section */

/* Begin PBXGroup section */
		F5EEE11C1FCE3DFA006B47C6 = {
			isa = PBXGroup;
			children = (
				F5EEE1271FCE3DFA006B47C6 /* Planda */,
				F5EEE1791FCE3F13006B47C6 /* Planda_for_ipad */,
				F5EEE13C1FCE3DFA006B47C6 /* PlandaTests */,
				F5EEE1261FCE3DFA006B47C6 /* Products */,
			);
			sourceTree = "<group>";
		};
		F5EEE1261FCE3DFA006B47C6 /* Products */ = {
			isa = PBXGroup;
			children = (
				F5EEE1251FCE3DFA006B47C6 /* Planda.app */,
				F5EEE1391FCE3DFA006B47C6 /* PlandaTests.xctest */,
				F5EEE1781FCE3F13006B47C6 /* Planda_for_ipad.app */,
			);
			name = Products;
			sourceTree = "<group>";
		};
		F5EEE1271FCE3DFA006B47C6 /* Planda */ = {
			isa = PBXGroup;
			children = (
				F5EEE1281FCE3DFA006B47C6 /* AppDelegate.swift */,
				F5EEE1901FCE4215006B47C6 /* Interface */,
				F5EEE12F1FCE3DFA006B47C6 /* Assets.xcassets */,
				F5EEE1311FCE3DFA006B47C6 /* LaunchScreen.storyboard */,
				F5EEE1341FCE3DFA006B47C6 /* Info.plist */,
			);
			path = Planda;
			sourceTree = "<group>";
		};
		F5EEE13C1FCE3DFA006B47C6 /* PlandaTests */ = {
			isa = PBXGroup;
			children = (
				F5EEE13D1FCE3DFA006B47C6 /* PlandaTests.swift */,
				F5EEE13F1FCE3DFA006B47C6 /* Info.plist */,
			);
			path = PlandaTests;
			sourceTree = "<group>";
		};
		F5EEE1791FCE3F13006B47C6 /* Planda_for_ipad */ = {
			isa = PBXGroup;
			children = (
				F5EEE17A1FCE3F13006B47C6 /* AppDelegate.swift */,
				F5EEE17C1FCE3F13006B47C6 /* ViewController.swift */,
				F5EEE17E1FCE3F13006B47C6 /* Main.storyboard */,
				F5EEE1811FCE3F13006B47C6 /* Assets.xcassets */,
				F5EEE1831FCE3F13006B47C6 /* LaunchScreen.storyboard */,
				F5EEE1861FCE3F13006B47C6 /* Info.plist */,
			);
			path = Planda_for_ipad;
			sourceTree = "<group>";
		};
		F5EEE1901FCE4215006B47C6 /* Interface */ = {
			isa = PBXGroup;
			children = (
				F5EEE1931FCE4246006B47C6 /* Main */,
				F5EEE19C1FCE42A9006B47C6 /* Month */,
				F5EEE19B1FCE42A3006B47C6 /* Week */,
				F5EEE19A1FCE429E006B47C6 /* Day */,
			);
			path = Interface;
			sourceTree = "<group>";
		};
		F5EEE1931FCE4246006B47C6 /* Main */ = {
			isa = PBXGroup;
			children = (
				F5EEE12C1FCE3DFA006B47C6 /* Main.storyboard */,
				F5EEE1911FCE423E006B47C6 /* MainTabBarController.swift */,
			);
			path = Main;
			sourceTree = "<group>";
		};
		F5EEE19A1FCE429E006B47C6 /* Day */ = {
			isa = PBXGroup;
			children = (
				F5EEE18A1FCE402E006B47C6 /* Day.storyboard */,
				F5EEE1941FCE4268006B47C6 /* DayViewController.swift */,
			);
			path = Day;
			sourceTree = "<group>";
		};
		F5EEE19B1FCE42A3006B47C6 /* Week */ = {
			isa = PBXGroup;
			children = (
				F5EEE18E1FCE4053006B47C6 /* Week.storyboard */,
				F5EEE1961FCE4275006B47C6 /* WeekViewController.swift */,
			);
			path = Week;
			sourceTree = "<group>";
		};
		F5EEE19C1FCE42A9006B47C6 /* Month */ = {
			isa = PBXGroup;
			children = (
				F5EEE18C1FCE4048006B47C6 /* Month.storyboard */,
				F51D8D741FCF8A4400415DA2 /* MonthTableViewController.swift */,
				F51D8D761FCFE4EE00415DA2 /* ListEntryTableViewController.swift */,
			);
			path = Month;
			sourceTree = "<group>";
		};
/* End PBXGroup section */

/* Begin PBXNativeTarget section */
		F5EEE1241FCE3DFA006B47C6 /* Planda */ = {
			isa = PBXNativeTarget;
			buildConfigurationList = F5EEE1421FCE3DFA006B47C6 /* Build configuration list for PBXNativeTarget "Planda" */;
			buildPhases = (
				F5EEE1211FCE3DFA006B47C6 /* Sources */,
				F5EEE1221FCE3DFA006B47C6 /* Frameworks */,
				F5EEE1231FCE3DFA006B47C6 /* Resources */,
			);
			buildRules = (
			);
			dependencies = (
			);
			name = Planda;
			productName = Planda;
			productReference = F5EEE1251FCE3DFA006B47C6 /* Planda.app */;
			productType = "com.apple.product-type.application";
		};
		F5EEE1381FCE3DFA006B47C6 /* PlandaTests */ = {
			isa = PBXNativeTarget;
			buildConfigurationList = F5EEE1451FCE3DFA006B47C6 /* Build configuration list for PBXNativeTarget "PlandaTests" */;
			buildPhases = (
				F5EEE1351FCE3DFA006B47C6 /* Sources */,
				F5EEE1361FCE3DFA006B47C6 /* Frameworks */,
				F5EEE1371FCE3DFA006B47C6 /* Resources */,
			);
			buildRules = (
			);
			dependencies = (
				F5EEE13B1FCE3DFA006B47C6 /* PBXTargetDependency */,
			);
			name = PlandaTests;
			productName = PlandaTests;
			productReference = F5EEE1391FCE3DFA006B47C6 /* PlandaTests.xctest */;
			productType = "com.apple.product-type.bundle.unit-test";
		};
		F5EEE1771FCE3F13006B47C6 /* Planda_for_ipad */ = {
			isa = PBXNativeTarget;
			buildConfigurationList = F5EEE1871FCE3F13006B47C6 /* Build configuration list for PBXNativeTarget "Planda_for_ipad" */;
			buildPhases = (
				F5EEE1741FCE3F13006B47C6 /* Sources */,
				F5EEE1751FCE3F13006B47C6 /* Frameworks */,
				F5EEE1761FCE3F13006B47C6 /* Resources */,
			);
			buildRules = (
			);
			dependencies = (
			);
			name = Planda_for_ipad;
			productName = Planda_for_ipad;
			productReference = F5EEE1781FCE3F13006B47C6 /* Planda_for_ipad.app */;
			productType = "com.apple.product-type.application";
		};
/* End PBXNativeTarget section */

/* Begin PBXProject section */
		F5EEE11D1FCE3DFA006B47C6 /* Project object */ = {
			isa = PBXProject;
			attributes = {
				LastSwiftUpdateCheck = 0910;
				LastUpgradeCheck = 0910;
				ORGANIZATIONNAME = nekturlabs;
				TargetAttributes = {
					F5EEE1241FCE3DFA006B47C6 = {
						CreatedOnToolsVersion = 9.1;
						ProvisioningStyle = Automatic;
					};
					F5EEE1381FCE3DFA006B47C6 = {
						CreatedOnToolsVersion = 9.1;
						ProvisioningStyle = Automatic;
						TestTargetID = F5EEE1241FCE3DFA006B47C6;
					};
					F5EEE1771FCE3F13006B47C6 = {
						CreatedOnToolsVersion = 9.1;
						ProvisioningStyle = Automatic;
					};
				};
			};
			buildConfigurationList = F5EEE1201FCE3DFA006B47C6 /* Build configuration list for PBXProject "Planda" */;
			compatibilityVersion = "Xcode 8.0";
			developmentRegion = en;
			hasScannedForEncodings = 0;
			knownRegions = (
				en,
				Base,
			);
			mainGroup = F5EEE11C1FCE3DFA006B47C6;
			productRefGroup = F5EEE1261FCE3DFA006B47C6 /* Products */;
			projectDirPath = "";
			projectRoot = "";
			targets = (
				F5EEE1241FCE3DFA006B47C6 /* Planda */,
				F5EEE1771FCE3F13006B47C6 /* Planda_for_ipad */,
				F5EEE1381FCE3DFA006B47C6 /* PlandaTests */,
			);
		};
/* End PBXProject section */

/* Begin PBXResourcesBuildPhase section */
		F5EEE1231FCE3DFA006B47C6 /* Resources */ = {
			isa = PBXResourcesBuildPhase;
			buildActionMask = 2147483647;
			files = (
				F5EEE1331FCE3DFA006B47C6 /* LaunchScreen.storyboard in Resources */,
				F5EEE18D1FCE4048006B47C6 /* Month.storyboard in Resources */,
				F5EEE1301FCE3DFA006B47C6 /* Assets.xcassets in Resources */,
				F5EEE12E1FCE3DFA006B47C6 /* Main.storyboard in Resources */,
				F5EEE18F1FCE4053006B47C6 /* Week.storyboard in Resources */,
				F5EEE18B1FCE402E006B47C6 /* Day.storyboard in Resources */,
			);
			runOnlyForDeploymentPostprocessing = 0;
		};
		F5EEE1371FCE3DFA006B47C6 /* Resources */ = {
			isa = PBXResourcesBuildPhase;
			buildActionMask = 2147483647;
			files = (
			);
			runOnlyForDeploymentPostprocessing = 0;
		};
		F5EEE1761FCE3F13006B47C6 /* Resources */ = {
			isa = PBXResourcesBuildPhase;
			buildActionMask = 2147483647;
			files = (
				F5EEE1851FCE3F13006B47C6 /* LaunchScreen.storyboard in Resources */,
				F5EEE1821FCE3F13006B47C6 /* Assets.xcassets in Resources */,
				F5EEE1801FCE3F13006B47C6 /* Main.storyboard in Resources */,
			);
			runOnlyForDeploymentPostprocessing = 0;
		};
/* End PBXResourcesBuildPhase section */

/* Begin PBXSourcesBuildPhase section */
		F5EEE1211FCE3DFA006B47C6 /* Sources */ = {
			isa = PBXSourcesBuildPhase;
			buildActionMask = 2147483647;
			files = (
				F51D8D771FCFE4EE00415DA2 /* ListEntryTableViewController.swift in Sources */,
				F5EEE1921FCE423E006B47C6 /* MainTabBarController.swift in Sources */,
				F5EEE1291FCE3DFA006B47C6 /* AppDelegate.swift in Sources */,
				F5EEE1971FCE4275006B47C6 /* WeekViewController.swift in Sources */,
				F51D8D751FCF8A4400415DA2 /* MonthTableViewController.swift in Sources */,
				F5EEE1951FCE4268006B47C6 /* DayViewController.swift in Sources */,
			);
			runOnlyForDeploymentPostprocessing = 0;
		};
		F5EEE1351FCE3DFA006B47C6 /* Sources */ = {
			isa = PBXSourcesBuildPhase;
			buildActionMask = 2147483647;
			files = (
				F5EEE13E1FCE3DFA006B47C6 /* PlandaTests.swift in Sources */,
			);
			runOnlyForDeploymentPostprocessing = 0;
		};
		F5EEE1741FCE3F13006B47C6 /* Sources */ = {
			isa = PBXSourcesBuildPhase;
			buildActionMask = 2147483647;
			files = (
				F5EEE17D1FCE3F13006B47C6 /* ViewController.swift in Sources */,
				F5EEE17B1FCE3F13006B47C6 /* AppDelegate.swift in Sources */,
			);
			runOnlyForDeploymentPostprocessing = 0;
		};
/* End PBXSourcesBuildPhase section */

/* Begin PBXTargetDependency section */
		F5EEE13B1FCE3DFA006B47C6 /* PBXTargetDependency */ = {
			isa = PBXTargetDependency;
			target = F5EEE1241FCE3DFA006B47C6 /* Planda */;
			targetProxy = F5EEE13A1FCE3DFA006B47C6 /* PBXContainerItemProxy */;
		};
/* End PBXTargetDependency section */

/* Begin PBXVariantGroup section */
		F5EEE12C1FCE3DFA006B47C6 /* Main.storyboard */ = {
			isa = PBXVariantGroup;
			children = (
				F5EEE12D1FCE3DFA006B47C6 /* Base */,
			);
			name = Main.storyboard;
			sourceTree = "<group>";
		};
		F5EEE1311FCE3DFA006B47C6 /* LaunchScreen.storyboard */ = {
			isa = PBXVariantGroup;
			children = (
				F5EEE1321FCE3DFA006B47C6 /* Base */,
			);
			name = LaunchScreen.storyboard;
			sourceTree = "<group>";
		};
		F5EEE17E1FCE3F13006B47C6 /* Main.storyboard */ = {
			isa = PBXVariantGroup;
			children = (
				F5EEE17F1FCE3F13006B47C6 /* Base */,
			);
			name = Main.storyboard;
			sourceTree = "<group>";
		};
		F5EEE1831FCE3F13006B47C6 /* LaunchScreen.storyboard */ = {
			isa = PBXVariantGroup;
			children = (
				F5EEE1841FCE3F13006B47C6 /* Base */,
			);
			name = LaunchScreen.storyboard;
			sourceTree = "<group>";
		};
/* End PBXVariantGroup section */

/* Begin XCBuildConfiguration section */
		F5EEE1401FCE3DFA006B47C6 /* Debug */ = {
			isa = XCBuildConfiguration;
			buildSettings = {
				ALWAYS_SEARCH_USER_PATHS = NO;
				CLANG_ANALYZER_NONNULL = YES;
				CLANG_ANALYZER_NUMBER_OBJECT_CONVERSION = YES_AGGRESSIVE;
				CLANG_CXX_LANGUAGE_STANDARD = "gnu++14";
				CLANG_CXX_LIBRARY = "libc++";
				CLANG_ENABLE_MODULES = YES;
				CLANG_ENABLE_OBJC_ARC = YES;
				CLANG_WARN_BLOCK_CAPTURE_AUTORELEASING = YES;
				CLANG_WARN_BOOL_CONVERSION = YES;
				CLANG_WARN_COMMA = YES;
				CLANG_WARN_CONSTANT_CONVERSION = YES;
				CLANG_WARN_DIRECT_OBJC_ISA_USAGE = YES_ERROR;
				CLANG_WARN_DOCUMENTATION_COMMENTS = YES;
				CLANG_WARN_EMPTY_BODY = YES;
				CLANG_WARN_ENUM_CONVERSION = YES;
				CLANG_WARN_INFINITE_RECURSION = YES;
				CLANG_WARN_INT_CONVERSION = YES;
				CLANG_WARN_NON_LITERAL_NULL_CONVERSION = YES;
				CLANG_WARN_OBJC_LITERAL_CONVERSION = YES;
				CLANG_WARN_OBJC_ROOT_CLASS = YES_ERROR;
				CLANG_WARN_RANGE_LOOP_ANALYSIS = YES;
				CLANG_WARN_STRICT_PROTOTYPES = YES;
				CLANG_WARN_SUSPICIOUS_MOVE = YES;
				CLANG_WARN_UNGUARDED_AVAILABILITY = YES_AGGRESSIVE;
				CLANG_WARN_UNREACHABLE_CODE = YES;
				CLANG_WARN__DUPLICATE_METHOD_MATCH = YES;
				CODE_SIGN_IDENTITY = "iPhone Developer";
				COPY_PHASE_STRIP = NO;
				DEBUG_INFORMATION_FORMAT = dwarf;
				ENABLE_STRICT_OBJC_MSGSEND = YES;
				ENABLE_TESTABILITY = YES;
				GCC_C_LANGUAGE_STANDARD = gnu11;
				GCC_DYNAMIC_NO_PIC = NO;
				GCC_NO_COMMON_BLOCKS = YES;
				GCC_OPTIMIZATION_LEVEL = 0;
				GCC_PREPROCESSOR_DEFINITIONS = (
					"DEBUG=1",
					"$(inherited)",
				);
				GCC_WARN_64_TO_32_BIT_CONVERSION = YES;
				GCC_WARN_ABOUT_RETURN_TYPE = YES_ERROR;
				GCC_WARN_UNDECLARED_SELECTOR = YES;
				GCC_WARN_UNINITIALIZED_AUTOS = YES_AGGRESSIVE;
				GCC_WARN_UNUSED_FUNCTION = YES;
				GCC_WARN_UNUSED_VARIABLE = YES;
				IPHONEOS_DEPLOYMENT_TARGET = 11.1;
				MTL_ENABLE_DEBUG_INFO = YES;
				ONLY_ACTIVE_ARCH = YES;
				SDKROOT = iphoneos;
				SWIFT_ACTIVE_COMPILATION_CONDITIONS = DEBUG;
				SWIFT_OPTIMIZATION_LEVEL = "-Onone";
			};
			name = Debug;
		};
		F5EEE1411FCE3DFA006B47C6 /* Release */ = {
			isa = XCBuildConfiguration;
			buildSettings = {
				ALWAYS_SEARCH_USER_PATHS = NO;
				CLANG_ANALYZER_NONNULL = YES;
				CLANG_ANALYZER_NUMBER_OBJECT_CONVERSION = YES_AGGRESSIVE;
				CLANG_CXX_LANGUAGE_STANDARD = "gnu++14";
				CLANG_CXX_LIBRARY = "libc++";
				CLANG_ENABLE_MODULES = YES;
				CLANG_ENABLE_OBJC_ARC = YES;
				CLANG_WARN_BLOCK_CAPTURE_AUTORELEASING = YES;
				CLANG_WARN_BOOL_CONVERSION = YES;
				CLANG_WARN_COMMA = YES;
				CLANG_WARN_CONSTANT_CONVERSION = YES;
				CLANG_WARN_DIRECT_OBJC_ISA_USAGE = YES_ERROR;
				CLANG_WARN_DOCUMENTATION_COMMENTS = YES;
				CLANG_WARN_EMPTY_BODY = YES;
				CLANG_WARN_ENUM_CONVERSION = YES;
				CLANG_WARN_INFINITE_RECURSION = YES;
				CLANG_WARN_INT_CONVERSION = YES;
				CLANG_WARN_NON_LITERAL_NULL_CONVERSION = YES;
				CLANG_WARN_OBJC_LITERAL_CONVERSION = YES;
				CLANG_WARN_OBJC_ROOT_CLASS = YES_ERROR;
				CLANG_WARN_RANGE_LOOP_ANALYSIS = YES;
				CLANG_WARN_STRICT_PROTOTYPES = YES;
				CLANG_WARN_SUSPICIOUS_MOVE = YES;
				CLANG_WARN_UNGUARDED_AVAILABILITY = YES_AGGRESSIVE;
				CLANG_WARN_UNREACHABLE_CODE = YES;
				CLANG_WARN__DUPLICATE_METHOD_MATCH = YES;
				CODE_SIGN_IDENTITY = "iPhone Developer";
				COPY_PHASE_STRIP = NO;
				DEBUG_INFORMATION_FORMAT = "dwarf-with-dsym";
				ENABLE_NS_ASSERTIONS = NO;
				ENABLE_STRICT_OBJC_MSGSEND = YES;
				GCC_C_LANGUAGE_STANDARD = gnu11;
				GCC_NO_COMMON_BLOCKS = YES;
				GCC_WARN_64_TO_32_BIT_CONVERSION = YES;
				GCC_WARN_ABOUT_RETURN_TYPE = YES_ERROR;
				GCC_WARN_UNDECLARED_SELECTOR = YES;
				GCC_WARN_UNINITIALIZED_AUTOS = YES_AGGRESSIVE;
				GCC_WARN_UNUSED_FUNCTION = YES;
				GCC_WARN_UNUSED_VARIABLE = YES;
				IPHONEOS_DEPLOYMENT_TARGET = 11.1;
				MTL_ENABLE_DEBUG_INFO = NO;
				SDKROOT = iphoneos;
				SWIFT_OPTIMIZATION_LEVEL = "-Owholemodule";
				VALIDATE_PRODUCT = YES;
			};
			name = Release;
		};
		F5EEE1431FCE3DFA006B47C6 /* Debug */ = {
			isa = XCBuildConfiguration;
			buildSettings = {
				ASSETCATALOG_COMPILER_APPICON_NAME = AppIcon;
				CODE_SIGN_STYLE = Automatic;
				DEVELOPMENT_TEAM = 3DJPBY6593;
				INFOPLIST_FILE = Planda/Info.plist;
				IPHONEOS_DEPLOYMENT_TARGET = 11.0;
				LD_RUNPATH_SEARCH_PATHS = "$(inherited) @executable_path/Frameworks";
				PRODUCT_BUNDLE_IDENTIFIER = com.nekturlabs.Planda;
				PRODUCT_NAME = "$(TARGET_NAME)";
				SWIFT_VERSION = 4.0;
				TARGETED_DEVICE_FAMILY = 1;
			};
			name = Debug;
		};
		F5EEE1441FCE3DFA006B47C6 /* Release */ = {
			isa = XCBuildConfiguration;
			buildSettings = {
				ASSETCATALOG_COMPILER_APPICON_NAME = AppIcon;
				CODE_SIGN_STYLE = Automatic;
				DEVELOPMENT_TEAM = 3DJPBY6593;
				INFOPLIST_FILE = Planda/Info.plist;
				IPHONEOS_DEPLOYMENT_TARGET = 11.0;
				LD_RUNPATH_SEARCH_PATHS = "$(inherited) @executable_path/Frameworks";
				PRODUCT_BUNDLE_IDENTIFIER = com.nekturlabs.Planda;
				PRODUCT_NAME = "$(TARGET_NAME)";
				SWIFT_VERSION = 4.0;
				TARGETED_DEVICE_FAMILY = 1;
			};
			name = Release;
		};
		F5EEE1461FCE3DFA006B47C6 /* Debug */ = {
			isa = XCBuildConfiguration;
			buildSettings = {
				ALWAYS_EMBED_SWIFT_STANDARD_LIBRARIES = YES;
				BUNDLE_LOADER = "$(TEST_HOST)";
				CODE_SIGN_STYLE = Automatic;
				DEVELOPMENT_TEAM = 3DJPBY6593;
				INFOPLIST_FILE = PlandaTests/Info.plist;
				LD_RUNPATH_SEARCH_PATHS = "$(inherited) @executable_path/Frameworks @loader_path/Frameworks";
				PRODUCT_BUNDLE_IDENTIFIER = com.nekturlabs.PlandaTests;
				PRODUCT_NAME = "$(TARGET_NAME)";
				SWIFT_VERSION = 4.0;
				TARGETED_DEVICE_FAMILY = "1,2";
				TEST_HOST = "$(BUILT_PRODUCTS_DIR)/Planda.app/Planda";
			};
			name = Debug;
		};
		F5EEE1471FCE3DFA006B47C6 /* Release */ = {
			isa = XCBuildConfiguration;
			buildSettings = {
				ALWAYS_EMBED_SWIFT_STANDARD_LIBRARIES = YES;
				BUNDLE_LOADER = "$(TEST_HOST)";
				CODE_SIGN_STYLE = Automatic;
				DEVELOPMENT_TEAM = 3DJPBY6593;
				INFOPLIST_FILE = PlandaTests/Info.plist;
				LD_RUNPATH_SEARCH_PATHS = "$(inherited) @executable_path/Frameworks @loader_path/Frameworks";
				PRODUCT_BUNDLE_IDENTIFIER = com.nekturlabs.PlandaTests;
				PRODUCT_NAME = "$(TARGET_NAME)";
				SWIFT_VERSION = 4.0;
				TARGETED_DEVICE_FAMILY = "1,2";
				TEST_HOST = "$(BUILT_PRODUCTS_DIR)/Planda.app/Planda";
			};
			name = Release;
		};
		F5EEE1881FCE3F13006B47C6 /* Debug */ = {
			isa = XCBuildConfiguration;
			buildSettings = {
				ASSETCATALOG_COMPILER_APPICON_NAME = AppIcon;
				CODE_SIGN_STYLE = Automatic;
				DEVELOPMENT_TEAM = 3DJPBY6593;
				INFOPLIST_FILE = Planda_for_ipad/Info.plist;
				LD_RUNPATH_SEARCH_PATHS = "$(inherited) @executable_path/Frameworks";
				PRODUCT_BUNDLE_IDENTIFIER = "com.nekturlabs.Planda-for-ipad";
				PRODUCT_NAME = "$(TARGET_NAME)";
				SWIFT_VERSION = 4.0;
				TARGETED_DEVICE_FAMILY = 2;
			};
			name = Debug;
		};
		F5EEE1891FCE3F13006B47C6 /* Release */ = {
			isa = XCBuildConfiguration;
			buildSettings = {
				ASSETCATALOG_COMPILER_APPICON_NAME = AppIcon;
				CODE_SIGN_STYLE = Automatic;
				DEVELOPMENT_TEAM = 3DJPBY6593;
				INFOPLIST_FILE = Planda_for_ipad/Info.plist;
				LD_RUNPATH_SEARCH_PATHS = "$(inherited) @executable_path/Frameworks";
				PRODUCT_BUNDLE_IDENTIFIER = "com.nekturlabs.Planda-for-ipad";
				PRODUCT_NAME = "$(TARGET_NAME)";
				SWIFT_VERSION = 4.0;
				TARGETED_DEVICE_FAMILY = 2;
			};
			name = Release;
		};
/* End XCBuildConfiguration section */

/* Begin XCConfigurationList section */
		F5EEE1201FCE3DFA006B47C6 /* Build configuration list for PBXProject "Planda" */ = {
			isa = XCConfigurationList;
			buildConfigurations = (
				F5EEE1401FCE3DFA006B47C6 /* Debug */,
				F5EEE1411FCE3DFA006B47C6 /* Release */,
			);
			defaultConfigurationIsVisible = 0;
			defaultConfigurationName = Release;
		};
		F5EEE1421FCE3DFA006B47C6 /* Build configuration list for PBXNativeTarget "Planda" */ = {
			isa = XCConfigurationList;
			buildConfigurations = (
				F5EEE1431FCE3DFA006B47C6 /* Debug */,
				F5EEE1441FCE3DFA006B47C6 /* Release */,
			);
			defaultConfigurationIsVisible = 0;
			defaultConfigurationName = Release;
		};
		F5EEE1451FCE3DFA006B47C6 /* Build configuration list for PBXNativeTarget "PlandaTests" */ = {
			isa = XCConfigurationList;
			buildConfigurations = (
				F5EEE1461FCE3DFA006B47C6 /* Debug */,
				F5EEE1471FCE3DFA006B47C6 /* Release */,
			);
			defaultConfigurationIsVisible = 0;
			defaultConfigurationName = Release;
		};
		F5EEE1871FCE3F13006B47C6 /* Build configuration list for PBXNativeTarget "Planda_for_ipad" */ = {
			isa = XCConfigurationList;
			buildConfigurations = (
				F5EEE1881FCE3F13006B47C6 /* Debug */,
				F5EEE1891FCE3F13006B47C6 /* Release */,
			);
			defaultConfigurationIsVisible = 0;
			defaultConfigurationName = Release;
		};
/* End XCConfigurationList section */
	};
	rootObject = F5EEE11D1FCE3DFA006B47C6 /* Project object */;
}
